
Microsoft Visual Studio Solution File, Format Version 12.00
# Visual Studio Version 17
VisualStudioVersion = 17.5.002.0
MinimumVisualStudioVersion = 10.0.40219.1
Project("{9A19103F-16F7-4668-BE54-9A1E7A4F7556}") = "CompilerAPISample", "CompilerAPISample\CompilerAPISample.csproj", "{9B457CE9-6651-4E5E-BFD6-07DC77E0B9ED}"
EndProject
Project("{FAE04EC0-301F-11D3-BF4B-00C04F79EFBC}") = "UsefulCompilerApiSample", "UsefulCompilerApiSample\UsefulCompilerApiSample.csproj", "{756B8ACD-4283-4ED3-AED3-FAC9BC8AAB93}"
EndProject
Project("{FAE04EC0-301F-11D3-BF4B-00C04F79EFBC}") = "KindaUselessAnalyzers", "KindaUselessAnalyzers\KindaUselessAnalyzers.csproj", "{2E4A6AAC-22CF-441D-9EFA-8865EA5D71E0}"
EndProject
Project("{FAE04EC0-301F-11D3-BF4B-00C04F79EFBC}") = "KindaUselessAnalyzers.SampleApp", "KindaUselessAnalyzers.SampleApp\KindaUselessAnalyzers.SampleApp.csproj", "{02D8A935-78FB-47D0-98BA-957B273E7026}"
EndProject
Project("{FAE04EC0-301F-11D3-BF4B-00C04F79EFBC}") = "KindaUselessAnalyzers.Tests", "KindaUselessAnalyzers.Tests\KindaUselessAnalyzers.Tests.csproj", "{4E201D9E-F165-4AC0-BAA5-952500222CE7}"
EndProject
Project("{FAE04EC0-301F-11D3-BF4B-00C04F79EFBC}") = "SeriousSourceGenerator", "SeriousSourceGenerator\SeriousSourceGenerator.csproj", "{627AD481-4313-488B-B343-19CF6D9B80FB}"
EndProject
Project("{FAE04EC0-301F-11D3-BF4B-00C04F79EFBC}") = "SeriousSourceGenerator.TestApp", "SeriousSourceGenerator.TestApp\SeriousSourceGenerator.TestApp.csproj", "{787FA8D7-6E9C-4F0C-B547-4D1601C6A855}"
EndProject
Project("{FAE04EC0-301F-11D3-BF4B-00C04F79EFBC}") = "SeriousSourceGenerator.Tests", "SeriousSourceGenerator.Tests\SeriousSourceGenerator.Tests.csproj", "{43562236-E0C0-4123-9A1B-7BCCC3B6AD75}"
EndProject
Global
	GlobalSection(SolutionConfigurationPlatforms) = preSolution
		Debug|Any CPU = Debug|Any CPU
		Release|Any CPU = Release|Any CPU
	EndGlobalSection
	GlobalSection(ProjectConfigurationPlatforms) = postSolution
		{9B457CE9-6651-4E5E-BFD6-07DC77E0B9ED}.Debug|Any CPU.ActiveCfg = Debug|Any CPU
		{9B457CE9-6651-4E5E-BFD6-07DC77E0B9ED}.Debug|Any CPU.Build.0 = Debug|Any CPU
		{9B457CE9-6651-4E5E-BFD6-07DC77E0B9ED}.Release|Any CPU.ActiveCfg = Release|Any CPU
		{9B457CE9-6651-4E5E-BFD6-07DC77E0B9ED}.Release|Any CPU.Build.0 = Release|Any CPU
		{756B8ACD-4283-4ED3-AED3-FAC9BC8AAB93}.Debug|Any CPU.ActiveCfg = Debug|Any CPU
		{756B8ACD-4283-4ED3-AED3-FAC9BC8AAB93}.Debug|Any CPU.Build.0 = Debug|Any CPU
		{756B8ACD-4283-4ED3-AED3-FAC9BC8AAB93}.Release|Any CPU.ActiveCfg = Release|Any CPU
		{756B8ACD-4283-4ED3-AED3-FAC9BC8AAB93}.Release|Any CPU.Build.0 = Release|Any CPU
		{2E4A6AAC-22CF-441D-9EFA-8865EA5D71E0}.Debug|Any CPU.ActiveCfg = Debug|Any CPU
		{2E4A6AAC-22CF-441D-9EFA-8865EA5D71E0}.Debug|Any CPU.Build.0 = Debug|Any CPU
		{2E4A6AAC-22CF-441D-9EFA-8865EA5D71E0}.Release|Any CPU.ActiveCfg = Release|Any CPU
		{2E4A6AAC-22CF-441D-9EFA-8865EA5D71E0}.Release|Any CPU.Build.0 = Release|Any CPU
		{02D8A935-78FB-47D0-98BA-957B273E7026}.Debug|Any CPU.ActiveCfg = Debug|Any CPU
		{02D8A935-78FB-47D0-98BA-957B273E7026}.Debug|Any CPU.Build.0 = Debug|Any CPU
		{02D8A935-78FB-47D0-98BA-957B273E7026}.Release|Any CPU.ActiveCfg = Release|Any CPU
		{02D8A935-78FB-47D0-98BA-957B273E7026}.Release|Any CPU.Build.0 = Release|Any CPU
		{4E201D9E-F165-4AC0-BAA5-952500222CE7}.Debug|Any CPU.ActiveCfg = Debug|Any CPU
		{4E201D9E-F165-4AC0-BAA5-952500222CE7}.Debug|Any CPU.Build.0 = Debug|Any CPU
		{4E201D9E-F165-4AC0-BAA5-952500222CE7}.Release|Any CPU.ActiveCfg = Release|Any CPU
		{4E201D9E-F165-4AC0-BAA5-952500222CE7}.Release|Any CPU.Build.0 = Release|Any CPU
		{627AD481-4313-488B-B343-19CF6D9B80FB}.Debug|Any CPU.ActiveCfg = Debug|Any CPU
		{627AD481-4313-488B-B343-19CF6D9B80FB}.Debug|Any CPU.Build.0 = Debug|Any CPU
		{627AD481-4313-488B-B343-19CF6D9B80FB}.Release|Any CPU.ActiveCfg = Release|Any CPU
		{627AD481-4313-488B-B343-19CF6D9B80FB}.Release|Any CPU.Build.0 = Release|Any CPU
		{787FA8D7-6E9C-4F0C-B547-4D1601C6A855}.Debug|Any CPU.ActiveCfg = Debug|Any CPU
		{787FA8D7-6E9C-4F0C-B547-4D1601C6A855}.Debug|Any CPU.Build.0 = Debug|Any CPU
		{787FA8D7-6E9C-4F0C-B547-4D1601C6A855}.Release|Any CPU.ActiveCfg = Release|Any CPU
		{787FA8D7-6E9C-4F0C-B547-4D1601C6A855}.Release|Any CPU.Build.0 = Release|Any CPU
		{43562236-E0C0-4123-9A1B-7BCCC3B6AD75}.Debug|Any CPU.ActiveCfg = Debug|Any CPU
		{43562236-E0C0-4123-9A1B-7BCCC3B6AD75}.Debug|Any CPU.Build.0 = Debug|Any CPU
		{43562236-E0C0-4123-9A1B-7BCCC3B6AD75}.Release|Any CPU.ActiveCfg = Release|Any CPU
		{43562236-E0C0-4123-9A1B-7BCCC3B6AD75}.Release|Any CPU.Build.0 = Release|Any CPU
	EndGlobalSection
	GlobalSection(SolutionProperties) = preSolution
		HideSolutionNode = FALSE
	EndGlobalSection
	GlobalSection(ExtensibilityGlobals) = postSolution
		SolutionGuid = {9545E5BB-6591-4E14-BE51-6FB4A2FD8D1F}
	EndGlobalSection
EndGlobal
